
Microsoft Visual Studio Solution File, Format Version 12.00
# Visual Studio Version 17
VisualStudioVersion = 17.13.35931.197 d17.13
MinimumVisualStudioVersion = 10.0.40219.1
Project("{FAE04EC0-301F-11D3-BF4B-00C04F79EFBC}") = "KPI_Project", "KPI_Project\KPI_Project.csproj", "{78467257-BD1C-447A-91C6-4B5D0291E176}"
EndProject
Global
	GlobalSection(SolutionConfigurationPlatforms) = preSolution
		Debug|Any CPU = Debug|Any CPU
		Release|Any CPU = Release|Any CPU
	EndGlobalSection
	GlobalSection(ProjectConfigurationPlatforms) = postSolution
		{78467257-BD1C-447A-91C6-4B5D0291E176}.Debug|Any CPU.ActiveCfg = Debug|Any CPU
		{78467257-BD1C-447A-91C6-4B5D0291E176}.Debug|Any CPU.Build.0 = Debug|Any CPU
		{78467257-BD1C-447A-91C6-4B5D0291E176}.Release|Any CPU.ActiveCfg = Release|Any CPU
		{78467257-BD1C-447A-91C6-4B5D0291E176}.Release|Any CPU.Build.0 = Release|Any CPU
	EndGlobalSection
	GlobalSection(SolutionProperties) = preSolution
		HideSolutionNode = FALSE
	EndGlobalSection
	GlobalSection(ExtensibilityGlobals) = postSolution
		SolutionGuid = {6F7414D4-690E-455E-B11C-4FBD101EC9FA}
	EndGlobalSection
EndGlobal
